PODS:
  - Swinject (2.5.0)
  - SwinjectAutoregistration (2.5.1):
    - Swinject (~> 2.5)
  - SwinjectStoryboard (2.1.0):
    - Swinject (~> 2.5)

DEPENDENCIES:
  - Swinject (= 2.5.0)
  - SwinjectAutoregistration (= 2.5.1)
  - SwinjectStoryboard (= 2.1.0)

SPEC REPOS:
  https://github.com/cocoapods/specs.git:
    - Swinject
    - SwinjectAutoregistration
    - SwinjectStoryboard

SPEC CHECKSUMS:
  Swinject: 82cdb851f63f91bba974e3eca1d69780f2f7677e
  SwinjectAutoregistration: f72bf894cbd2ee4a9153e00fa5208e93fb44d283
  SwinjectStoryboard: 688f096033103e66ffcf6ca678211acd7d7be505

PODFILE CHECKSUM: 59c112eeb7ec7957e7ac04d4287f953b8bbb694c

COCOAPODS: 1.5.3
